
Microsoft Visual Studio Solution File, Format Version 12.00
# Visual Studio 15
VisualStudioVersion = 15.0.28010.2026
MinimumVisualStudioVersion = 10.0.40219.1
Project("{9A19103F-16F7-4668-BE54-9A1E7A4F7556}") = "RESTAPI", "API\RESTAPI.csproj", "{08CCD8FC-517A-4D90-8575-5AB7D79E1E1A}"
EndProject
Global
	GlobalSection(SolutionConfigurationPlatforms) = preSolution
		Debug|Any CPU = Debug|Any CPU
		Release|Any CPU = Release|Any CPU
	EndGlobalSection
	GlobalSection(ProjectConfigurationPlatforms) = postSolution
		{08CCD8FC-517A-4D90-8575-5AB7D79E1E1A}.Debug|Any CPU.ActiveCfg = Debug|Any CPU
		{08CCD8FC-517A-4D90-8575-5AB7D79E1E1A}.Debug|Any CPU.Build.0 = Debug|Any CPU
		{08CCD8FC-517A-4D90-8575-5AB7D79E1E1A}.Release|Any CPU.ActiveCfg = Release|Any CPU
		{08CCD8FC-517A-4D90-8575-5AB7D79E1E1A}.Release|Any CPU.Build.0 = Release|Any CPU
	EndGlobalSection
	GlobalSection(SolutionProperties) = preSolution
		HideSolutionNode = FALSE
	EndGlobalSection
	GlobalSection(ExtensibilityGlobals) = postSolution
		SolutionGuid = {A0850190-B287-4AF3-BD5B-57AC642119AA}
	EndGlobalSection
EndGlobal
